// !$*UTF8*$!
{
	archiveVersion = 1;
	classes = {
	};
	objectVersion = 55;
	objects = {

/* Begin PBXBuildFile section */
		641D333E4797D2F1F5901CEA /* Pods_AmityConnect.framework in Frameworks */ = {isa = PBXBuildFile; fileRef = F8520A3B16E9363E7D0A8BBE /* Pods_AmityConnect.framework */; };
		7C04BB1927783F8A00A9CE3A /* ProfileTableViewController.swift in Sources */ = {isa = PBXBuildFile; fileRef = 7C04BB1827783F8A00A9CE3A /* ProfileTableViewController.swift */; };
		7C198D972772D21F008EC480 /* AddElderViewController.swift in Sources */ = {isa = PBXBuildFile; fileRef = 7C198D962772D21F008EC480 /* AddElderViewController.swift */; };
		7C26C0F2277B974100B34117 /* IndependentSelectionCell.swift in Sources */ = {isa = PBXBuildFile; fileRef = 7C26C0F1277B974100B34117 /* IndependentSelectionCell.swift */; };
		7C26C0F4277BBDAA00B34117 /* NeedsHelpTableViewController.swift in Sources */ = {isa = PBXBuildFile; fileRef = 7C26C0F3277BBDAA00B34117 /* NeedsHelpTableViewController.swift */; };
		7C26C0F6277BBEAE00B34117 /* NeedsHelpSelectionCell.swift in Sources */ = {isa = PBXBuildFile; fileRef = 7C26C0F5277BBEAE00B34117 /* NeedsHelpSelectionCell.swift */; };
		7C26C0F8277BC64700B34117 /* DependentTableViewController.swift in Sources */ = {isa = PBXBuildFile; fileRef = 7C26C0F7277BC64700B34117 /* DependentTableViewController.swift */; };
		7C26C0FA277BC86A00B34117 /* DependentSelectionCell.swift in Sources */ = {isa = PBXBuildFile; fileRef = 7C26C0F9277BC86A00B34117 /* DependentSelectionCell.swift */; };
		7C26C0FC277BCA6F00B34117 /* DoesNotDoTableViewController.swift in Sources */ = {isa = PBXBuildFile; fileRef = 7C26C0FB277BCA6F00B34117 /* DoesNotDoTableViewController.swift */; };
		7C26C0FE277BCB4C00B34117 /* DoesNotDoSelectionCell.swift in Sources */ = {isa = PBXBuildFile; fileRef = 7C26C0FD277BCB4C00B34117 /* DoesNotDoSelectionCell.swift */; };
		7C26C100277BCF7D00B34117 /* ADLInfo.swift in Sources */ = {isa = PBXBuildFile; fileRef = 7C26C0FF277BCF7D00B34117 /* ADLInfo.swift */; };
		7C26C102277BD8EE00B34117 /* adlDateCell.swift in Sources */ = {isa = PBXBuildFile; fileRef = 7C26C101277BD8EE00B34117 /* adlDateCell.swift */; };
		7C32BA8C2771759F003BDCE7 /* Main.storyboard in Resources */ = {isa = PBXBuildFile; fileRef = 7C32BA8B2771759F003BDCE7 /* Main.storyboard */; };
		7C33BD20276FD3A50084EBAA /* SignUpViewController.swift in Sources */ = {isa = PBXBuildFile; fileRef = 7C33BD1F276FD3A50084EBAA /* SignUpViewController.swift */; };
		7C33BD22276FD3BD0084EBAA /* LogInViewController.swift in Sources */ = {isa = PBXBuildFile; fileRef = 7C33BD21276FD3BD0084EBAA /* LogInViewController.swift */; };
		7C33BD24276FD3D40084EBAA /* HomeViewController.swift in Sources */ = {isa = PBXBuildFile; fileRef = 7C33BD23276FD3D40084EBAA /* HomeViewController.swift */; };
		7C33BD29276FD5940084EBAA /* WelcomeViewController.swift in Sources */ = {isa = PBXBuildFile; fileRef = 7C33BD28276FD5940084EBAA /* WelcomeViewController.swift */; };
		7C34DB2A2759E40200BC075E /* AppDelegate.swift in Sources */ = {isa = PBXBuildFile; fileRef = 7C34DB292759E40200BC075E /* AppDelegate.swift */; };
		7C34DB2C2759E40200BC075E /* SceneDelegate.swift in Sources */ = {isa = PBXBuildFile; fileRef = 7C34DB2B2759E40200BC075E /* SceneDelegate.swift */; };
		7C34DB2E2759E40200BC075E /* ViewController.swift in Sources */ = {isa = PBXBuildFile; fileRef = 7C34DB2D2759E40200BC075E /* ViewController.swift */; };
		7C34DB332759E40400BC075E /* Assets.xcassets in Resources */ = {isa = PBXBuildFile; fileRef = 7C34DB322759E40400BC075E /* Assets.xcassets */; };
		7C34DB362759E40400BC075E /* LaunchScreen.storyboard in Resources */ = {isa = PBXBuildFile; fileRef = 7C34DB342759E40400BC075E /* LaunchScreen.storyboard */; };
		7C3F4A6B277642AC00CDC191 /* PersonalInfoTableViewController.swift in Sources */ = {isa = PBXBuildFile; fileRef = 7C3F4A6A277642AC00CDC191 /* PersonalInfoTableViewController.swift */; };
		7C3F4A6D2776467C00CDC191 /* ProfileInfo.swift in Sources */ = {isa = PBXBuildFile; fileRef = 7C3F4A6C2776467C00CDC191 /* ProfileInfo.swift */; };
		7C40B3FC277A61A8004EFEBB /* ADLTableViewController.swift in Sources */ = {isa = PBXBuildFile; fileRef = 7C40B3FB277A61A8004EFEBB /* ADLTableViewController.swift */; };
		7C40B3FE277A6FA8004EFEBB /* IndependentTableViewController.swift in Sources */ = {isa = PBXBuildFile; fileRef = 7C40B3FD277A6FA8004EFEBB /* IndependentTableViewController.swift */; };
		7C51A787277D5CC500F7A258 /* ChatViewController.swift in Sources */ = {isa = PBXBuildFile; fileRef = 7C51A786277D5CC500F7A258 /* ChatViewController.swift */; };
		7C51A78F277D64C400F7A258 /* MessageViewController.swift in Sources */ = {isa = PBXBuildFile; fileRef = 7C51A78E277D64C400F7A258 /* MessageViewController.swift */; };
		7C725E1527797B2A0032BBAE /* Don-main.storyboard in Resources */ = {isa = PBXBuildFile; fileRef = 7C725E1427797B2A0032BBAE /* Don-main.storyboard */; };
		7C902CFE277695CE00C0AB53 /* CenterInfoTableViewController.swift in Sources */ = {isa = PBXBuildFile; fileRef = 7C902CFD277695CD00C0AB53 /* CenterInfoTableViewController.swift */; };
		7C902D00277696D600C0AB53 /* CenterInfo.swift in Sources */ = {isa = PBXBuildFile; fileRef = 7C902CFF277696D500C0AB53 /* CenterInfo.swift */; };
		7C9054AD2773B51200B9B26E /* elderCell.swift in Sources */ = {isa = PBXBuildFile; fileRef = 7C9054AC2773B51200B9B26E /* elderCell.swift */; };
		7C9054AF2773E62A00B9B26E /* ElderOverview.swift in Sources */ = {isa = PBXBuildFile; fileRef = 7C9054AE2773E62A00B9B26E /* ElderOverview.swift */; };
		7C9054B12774F17700B9B26E /* ElderSpecificTableViewController.swift in Sources */ = {isa = PBXBuildFile; fileRef = 7C9054B02774F17700B9B26E /* ElderSpecificTableViewController.swift */; };
		7C9054B32775140900B9B26E /* ProfileEldersTableViewController.swift in Sources */ = {isa = PBXBuildFile; fileRef = 7C9054B22775140900B9B26E /* ProfileEldersTableViewController.swift */; };
		7C9054B52775149D00B9B26E /* profileElderCell.swift in Sources */ = {isa = PBXBuildFile; fileRef = 7C9054B42775149D00B9B26E /* profileElderCell.swift */; };
		7C9E24DF2770056100A2C6D7 /* GoogleService-Info.plist in Resources */ = {isa = PBXBuildFile; fileRef = 7C9E24DE2770056100A2C6D7 /* GoogleService-Info.plist */; };
		7CCB6B7D27797E680084E67B /* ViewNoteViewController.swift in Sources */ = {isa = PBXBuildFile; fileRef = 7CCB6B7C27797E680084E67B /* ViewNoteViewController.swift */; };
		7CCB6B7F27798B950084E67B /* OverviewTableViewController.swift in Sources */ = {isa = PBXBuildFile; fileRef = 7CCB6B7E27798B950084E67B /* OverviewTableViewController.swift */; };
		7CCB6B8127798D020084E67B /* OverviewInfo.swift in Sources */ = {isa = PBXBuildFile; fileRef = 7CCB6B8027798D020084E67B /* OverviewInfo.swift */; };
		7CCB6B85277990CD0084E67B /* overviewCell.swift in Sources */ = {isa = PBXBuildFile; fileRef = 7CCB6B84277990CD0084E67B /* overviewCell.swift */; };
		7CCB6B87277994DE0084E67B /* AddOverviewsViewController.swift in Sources */ = {isa = PBXBuildFile; fileRef = 7CCB6B86277994DE0084E67B /* AddOverviewsViewController.swift */; };
		7CCB6B89277997DC0084E67B /* ViewOverviewViewController.swift in Sources */ = {isa = PBXBuildFile; fileRef = 7CCB6B88277997DC0084E67B /* ViewOverviewViewController.swift */; };
		7CFA201327791BAA00D76E9B /* NotesTableViewController.swift in Sources */ = {isa = PBXBuildFile; fileRef = 7CFA201227791BAA00D76E9B /* NotesTableViewController.swift */; };
		7CFA201727791EC700D76E9B /* NotesInfo.swift in Sources */ = {isa = PBXBuildFile; fileRef = 7CFA201627791EC700D76E9B /* NotesInfo.swift */; };
		7CFA20192779223700D76E9B /* AddNotesViewController.swift in Sources */ = {isa = PBXBuildFile; fileRef = 7CFA20182779223700D76E9B /* AddNotesViewController.swift */; };
		7CFA201B27792AED00D76E9B /* noteCell.swift in Sources */ = {isa = PBXBuildFile; fileRef = 7CFA201A27792AED00D76E9B /* noteCell.swift */; };
		7CFD43B7277D2FB7008C00E2 /* SpecificADLTableViewController.swift in Sources */ = {isa = PBXBuildFile; fileRef = 7CFD43B6277D2FB7008C00E2 /* SpecificADLTableViewController.swift */; };
		97D2F0AE276C42C800AD8ED7 /* SidStoryboard.storyboard in Resources */ = {isa = PBXBuildFile; fileRef = 97D2F0AC276C42C800AD8ED7 /* SidStoryboard.storyboard */; };
		97D2F0AF276C42C800AD8ED7 /* Karthik-Main.storyboard in Resources */ = {isa = PBXBuildFile; fileRef = 97D2F0AD276C42C800AD8ED7 /* Karthik-Main.storyboard */; };
/* End PBXBuildFile section */

/* Begin PBXFileReference section */
		64B5FD81AB733130E3857ADF /* Pods-AmityConnect.release.xcconfig */ = {isa = PBXFileReference; includeInIndex = 1; lastKnownFileType = text.xcconfig; name = "Pods-AmityConnect.release.xcconfig"; path = "Target Support Files/Pods-AmityConnect/Pods-AmityConnect.release.xcconfig"; sourceTree = "<group>"; };
		7C04BB1827783F8A00A9CE3A /* ProfileTableViewController.swift */ = {isa = PBXFileReference; lastKnownFileType = sourcecode.swift; path = ProfileTableViewController.swift; sourceTree = "<group>"; };
		7C198D962772D21F008EC480 /* AddElderViewController.swift */ = {isa = PBXFileReference; lastKnownFileType = sourcecode.swift; path = AddElderViewController.swift; sourceTree = "<group>"; };
		7C26C0F1277B974100B34117 /* IndependentSelectionCell.swift */ = {isa = PBXFileReference; lastKnownFileType = sourcecode.swift; path = IndependentSelectionCell.swift; sourceTree = "<group>"; };
		7C26C0F3277BBDAA00B34117 /* NeedsHelpTableViewController.swift */ = {isa = PBXFileReference; lastKnownFileType = sourcecode.swift; name = NeedsHelpTableViewController.swift; path = AmityConnect/View/NeedsHelpTableViewController.swift; sourceTree = SOURCE_ROOT; };
		7C26C0F5277BBEAE00B34117 /* NeedsHelpSelectionCell.swift */ = {isa = PBXFileReference; lastKnownFileType = sourcecode.swift; path = NeedsHelpSelectionCell.swift; sourceTree = "<group>"; };
		7C26C0F7277BC64700B34117 /* DependentTableViewController.swift */ = {isa = PBXFileReference; lastKnownFileType = sourcecode.swift; name = DependentTableViewController.swift; path = AmityConnect/View/DependentTableViewController.swift; sourceTree = SOURCE_ROOT; };
		7C26C0F9277BC86A00B34117 /* DependentSelectionCell.swift */ = {isa = PBXFileReference; lastKnownFileType = sourcecode.swift; path = DependentSelectionCell.swift; sourceTree = "<group>"; };
		7C26C0FB277BCA6F00B34117 /* DoesNotDoTableViewController.swift */ = {isa = PBXFileReference; lastKnownFileType = sourcecode.swift; path = DoesNotDoTableViewController.swift; sourceTree = "<group>"; };
		7C26C0FD277BCB4C00B34117 /* DoesNotDoSelectionCell.swift */ = {isa = PBXFileReference; lastKnownFileType = sourcecode.swift; name = DoesNotDoSelectionCell.swift; path = AmityConnect/View/DoesNotDoSelectionCell.swift; sourceTree = SOURCE_ROOT; };
		7C26C0FF277BCF7D00B34117 /* ADLInfo.swift */ = {isa = PBXFileReference; lastKnownFileType = sourcecode.swift; name = ADLInfo.swift; path = AmityConnect/Controller/ADLInfo.swift; sourceTree = SOURCE_ROOT; };
		7C26C101277BD8EE00B34117 /* adlDateCell.swift */ = {isa = PBXFileReference; lastKnownFileType = sourcecode.swift; path = adlDateCell.swift; sourceTree = "<group>"; };
		7C32BA8B2771759F003BDCE7 /* Main.storyboard */ = {isa = PBXFileReference; fileEncoding = 4; lastKnownFileType = file.storyboard; path = Main.storyboard; sourceTree = "<group>"; };
		7C33BD1F276FD3A50084EBAA /* SignUpViewController.swift */ = {isa = PBXFileReference; lastKnownFileType = sourcecode.swift; path = SignUpViewController.swift; sourceTree = "<group>"; };
		7C33BD21276FD3BD0084EBAA /* LogInViewController.swift */ = {isa = PBXFileReference; lastKnownFileType = sourcecode.swift; path = LogInViewController.swift; sourceTree = "<group>"; };
		7C33BD23276FD3D40084EBAA /* HomeViewController.swift */ = {isa = PBXFileReference; lastKnownFileType = sourcecode.swift; path = HomeViewController.swift; sourceTree = "<group>"; };
		7C33BD28276FD5940084EBAA /* WelcomeViewController.swift */ = {isa = PBXFileReference; lastKnownFileType = sourcecode.swift; path = WelcomeViewController.swift; sourceTree = "<group>"; };
		7C34DB262759E40200BC075E /* AmityConnect.app */ = {isa = PBXFileReference; explicitFileType = wrapper.application; includeInIndex = 0; path = AmityConnect.app; sourceTree = BUILT_PRODUCTS_DIR; };
		7C34DB292759E40200BC075E /* AppDelegate.swift */ = {isa = PBXFileReference; lastKnownFileType = sourcecode.swift; path = AppDelegate.swift; sourceTree = "<group>"; };
		7C34DB2B2759E40200BC075E /* SceneDelegate.swift */ = {isa = PBXFileReference; lastKnownFileType = sourcecode.swift; path = SceneDelegate.swift; sourceTree = "<group>"; };
		7C34DB2D2759E40200BC075E /* ViewController.swift */ = {isa = PBXFileReference; lastKnownFileType = sourcecode.swift; path = ViewController.swift; sourceTree = "<group>"; };
		7C34DB322759E40400BC075E /* Assets.xcassets */ = {isa = PBXFileReference; lastKnownFileType = folder.assetcatalog; path = Assets.xcassets; sourceTree = "<group>"; };
		7C34DB352759E40400BC075E /* Base */ = {isa = PBXFileReference; lastKnownFileType = file.storyboard; name = Base; path = Base.lproj/LaunchScreen.storyboard; sourceTree = "<group>"; };
		7C34DB372759E40400BC075E /* Info.plist */ = {isa = PBXFileReference; lastKnownFileType = text.plist.xml; path = Info.plist; sourceTree = "<group>"; };
		7C3F4A6A277642AC00CDC191 /* PersonalInfoTableViewController.swift */ = {isa = PBXFileReference; lastKnownFileType = sourcecode.swift; path = PersonalInfoTableViewController.swift; sourceTree = "<group>"; };
		7C3F4A6C2776467C00CDC191 /* ProfileInfo.swift */ = {isa = PBXFileReference; lastKnownFileType = sourcecode.swift; name = ProfileInfo.swift; path = AmityConnect/Controller/ProfileInfo.swift; sourceTree = SOURCE_ROOT; };
		7C40B3FB277A61A8004EFEBB /* ADLTableViewController.swift */ = {isa = PBXFileReference; lastKnownFileType = sourcecode.swift; name = ADLTableViewController.swift; path = AmityConnect/View/ADLTableViewController.swift; sourceTree = SOURCE_ROOT; };
		7C40B3FD277A6FA8004EFEBB /* IndependentTableViewController.swift */ = {isa = PBXFileReference; lastKnownFileType = sourcecode.swift; name = IndependentTableViewController.swift; path = AmityConnect/View/IndependentTableViewController.swift; sourceTree = SOURCE_ROOT; };
		7C51A786277D5CC500F7A258 /* ChatViewController.swift */ = {isa = PBXFileReference; lastKnownFileType = sourcecode.swift; path = ChatViewController.swift; sourceTree = "<group>"; };
		7C51A78E277D64C400F7A258 /* MessageViewController.swift */ = {isa = PBXFileReference; lastKnownFileType = sourcecode.swift; path = MessageViewController.swift; sourceTree = "<group>"; };
		7C725E1427797B2A0032BBAE /* Don-main.storyboard */ = {isa = PBXFileReference; fileEncoding = 4; lastKnownFileType = file.storyboard; path = "Don-main.storyboard"; sourceTree = "<group>"; };
		7C902CFD277695CD00C0AB53 /* CenterInfoTableViewController.swift */ = {isa = PBXFileReference; lastKnownFileType = sourcecode.swift; path = CenterInfoTableViewController.swift; sourceTree = "<group>"; };
		7C902CFF277696D500C0AB53 /* CenterInfo.swift */ = {isa = PBXFileReference; lastKnownFileType = sourcecode.swift; name = CenterInfo.swift; path = AmityConnect/Controller/CenterInfo.swift; sourceTree = SOURCE_ROOT; };
		7C9054AC2773B51200B9B26E /* elderCell.swift */ = {isa = PBXFileReference; lastKnownFileType = sourcecode.swift; path = elderCell.swift; sourceTree = "<group>"; };
		7C9054AE2773E62A00B9B26E /* ElderOverview.swift */ = {isa = PBXFileReference; lastKnownFileType = sourcecode.swift; path = ElderOverview.swift; sourceTree = SOURCE_ROOT; };
		7C9054B02774F17700B9B26E /* ElderSpecificTableViewController.swift */ = {isa = PBXFileReference; lastKnownFileType = sourcecode.swift; name = ElderSpecificTableViewController.swift; path = AmityConnect/Controller/ElderSpecificTableViewController.swift; sourceTree = SOURCE_ROOT; };
		7C9054B22775140900B9B26E /* ProfileEldersTableViewController.swift */ = {isa = PBXFileReference; lastKnownFileType = sourcecode.swift; path = ProfileEldersTableViewController.swift; sourceTree = "<group>"; };
		7C9054B42775149D00B9B26E /* profileElderCell.swift */ = {isa = PBXFileReference; lastKnownFileType = sourcecode.swift; name = profileElderCell.swift; path = AmityConnect/Controller/profileElderCell.swift; sourceTree = SOURCE_ROOT; };
		7C9E24DE2770056100A2C6D7 /* GoogleService-Info.plist */ = {isa = PBXFileReference; fileEncoding = 4; lastKnownFileType = text.plist.xml; path = "GoogleService-Info.plist"; sourceTree = "<group>"; };
		7CCB6B7C27797E680084E67B /* ViewNoteViewController.swift */ = {isa = PBXFileReference; lastKnownFileType = sourcecode.swift; name = ViewNoteViewController.swift; path = AmityConnect/View/ViewNoteViewController.swift; sourceTree = SOURCE_ROOT; };
		7CCB6B7E27798B950084E67B /* OverviewTableViewController.swift */ = {isa = PBXFileReference; lastKnownFileType = sourcecode.swift; name = OverviewTableViewController.swift; path = AmityConnect/View/OverviewTableViewController.swift; sourceTree = SOURCE_ROOT; };
		7CCB6B8027798D020084E67B /* OverviewInfo.swift */ = {isa = PBXFileReference; lastKnownFileType = sourcecode.swift; name = OverviewInfo.swift; path = AmityConnect/Controller/OverviewInfo.swift; sourceTree = SOURCE_ROOT; };
		7CCB6B84277990CD0084E67B /* overviewCell.swift */ = {isa = PBXFileReference; lastKnownFileType = sourcecode.swift; path = overviewCell.swift; sourceTree = "<group>"; };
		7CCB6B86277994DE0084E67B /* AddOverviewsViewController.swift */ = {isa = PBXFileReference; lastKnownFileType = sourcecode.swift; path = AddOverviewsViewController.swift; sourceTree = "<group>"; };
		7CCB6B88277997DC0084E67B /* ViewOverviewViewController.swift */ = {isa = PBXFileReference; lastKnownFileType = sourcecode.swift; path = ViewOverviewViewController.swift; sourceTree = "<group>"; };
		7CFA201227791BAA00D76E9B /* NotesTableViewController.swift */ = {isa = PBXFileReference; lastKnownFileType = sourcecode.swift; path = NotesTableViewController.swift; sourceTree = "<group>"; };
		7CFA201627791EC700D76E9B /* NotesInfo.swift */ = {isa = PBXFileReference; lastKnownFileType = sourcecode.swift; name = NotesInfo.swift; path = AmityConnect/Controller/NotesInfo.swift; sourceTree = SOURCE_ROOT; };
		7CFA20182779223700D76E9B /* AddNotesViewController.swift */ = {isa = PBXFileReference; lastKnownFileType = sourcecode.swift; path = AddNotesViewController.swift; sourceTree = "<group>"; };
		7CFA201A27792AED00D76E9B /* noteCell.swift */ = {isa = PBXFileReference; lastKnownFileType = sourcecode.swift; path = noteCell.swift; sourceTree = "<group>"; };
		7CFD43B6277D2FB7008C00E2 /* SpecificADLTableViewController.swift */ = {isa = PBXFileReference; lastKnownFileType = sourcecode.swift; name = SpecificADLTableViewController.swift; path = AmityConnect/View/SpecificADLTableViewController.swift; sourceTree = SOURCE_ROOT; };
		9231AEE35B11E6575513C74C /* Pods-AmityConnect.debug.xcconfig */ = {isa = PBXFileReference; includeInIndex = 1; lastKnownFileType = text.xcconfig; name = "Pods-AmityConnect.debug.xcconfig"; path = "Target Support Files/Pods-AmityConnect/Pods-AmityConnect.debug.xcconfig"; sourceTree = "<group>"; };
		97D2F0AC276C42C800AD8ED7 /* SidStoryboard.storyboard */ = {isa = PBXFileReference; fileEncoding = 4; lastKnownFileType = file.storyboard; path = SidStoryboard.storyboard; sourceTree = "<group>"; };
		97D2F0AD276C42C800AD8ED7 /* Karthik-Main.storyboard */ = {isa = PBXFileReference; fileEncoding = 4; lastKnownFileType = file.storyboard; path = "Karthik-Main.storyboard"; sourceTree = "<group>"; };
		F8520A3B16E9363E7D0A8BBE /* Pods_AmityConnect.framework */ = {isa = PBXFileReference; explicitFileType = wrapper.framework; includeInIndex = 0; path = Pods_AmityConnect.framework; sourceTree = BUILT_PRODUCTS_DIR; };
/* End PBXFileReference section */

/* Begin PBXFrameworksBuildPhase section */
		7C34DB232759E40200BC075E /* Frameworks */ = {
			isa = PBXFrameworksBuildPhase;
			buildActionMask = 2147483647;
			files = (
				641D333E4797D2F1F5901CEA /* Pods_AmityConnect.framework in Frameworks */,
			);
			runOnlyForDeploymentPostprocessing = 0;
		};
/* End PBXFrameworksBuildPhase section */

/* Begin PBXGroup section */
		4731E68AA32C465568BB1839 /* Pods */ = {
			isa = PBXGroup;
			children = (
				9231AEE35B11E6575513C74C /* Pods-AmityConnect.debug.xcconfig */,
				64B5FD81AB733130E3857ADF /* Pods-AmityConnect.release.xcconfig */,
			);
			path = Pods;
			sourceTree = "<group>";
		};
		56542EB14D4B5B169B3EF061 /* Frameworks */ = {
			isa = PBXGroup;
			children = (
				F8520A3B16E9363E7D0A8BBE /* Pods_AmityConnect.framework */,
			);
			name = Frameworks;
			sourceTree = "<group>";
		};
		7C33BD25276FD3FE0084EBAA /* Model */ = {
			isa = PBXGroup;
			children = (
				7C26C0FF277BCF7D00B34117 /* ADLInfo.swift */,
				7CCB6B8027798D020084E67B /* OverviewInfo.swift */,
				7CFA201627791EC700D76E9B /* NotesInfo.swift */,
				7C9054AE2773E62A00B9B26E /* ElderOverview.swift */,
				7C3F4A6C2776467C00CDC191 /* ProfileInfo.swift */,
				7C902CFF277696D500C0AB53 /* CenterInfo.swift */,
			);
			path = Model;
			sourceTree = "<group>";
		};
		7C33BD26276FD4050084EBAA /* View */ = {
			isa = PBXGroup;
			children = (
				7C32BA8B2771759F003BDCE7 /* Main.storyboard */,
				7C725E1427797B2A0032BBAE /* Don-main.storyboard */,
				97D2F0AD276C42C800AD8ED7 /* Karthik-Main.storyboard */,
				97D2F0AC276C42C800AD8ED7 /* SidStoryboard.storyboard */,
				7C34DB342759E40400BC075E /* LaunchScreen.storyboard */,
			);
			path = View;
			sourceTree = "<group>";
		};
		7C33BD27276FD40E0084EBAA /* Controller */ = {
			isa = PBXGroup;
			children = (
				7CFD43B6277D2FB7008C00E2 /* SpecificADLTableViewController.swift */,
				7C51A786277D5CC500F7A258 /* ChatViewController.swift */,
				7C51A78E277D64C400F7A258 /* MessageViewController.swift */,
				7C26C0FD277BCB4C00B34117 /* DoesNotDoSelectionCell.swift */,
				7C26C0F7277BC64700B34117 /* DependentTableViewController.swift */,
				7C26C101277BD8EE00B34117 /* adlDateCell.swift */,
				7C26C0FB277BCA6F00B34117 /* DoesNotDoTableViewController.swift */,
				7C26C0F3277BBDAA00B34117 /* NeedsHelpTableViewController.swift */,
				7C26C0F5277BBEAE00B34117 /* NeedsHelpSelectionCell.swift */,
				7C40B3FD277A6FA8004EFEBB /* IndependentTableViewController.swift */,
				7C26C0F1277B974100B34117 /* IndependentSelectionCell.swift */,
				7C26C0F9277BC86A00B34117 /* DependentSelectionCell.swift */,
				7C40B3FB277A61A8004EFEBB /* ADLTableViewController.swift */,
				7CCB6B7E27798B950084E67B /* OverviewTableViewController.swift */,
				7CCB6B88277997DC0084E67B /* ViewOverviewViewController.swift */,
				7CCB6B86277994DE0084E67B /* AddOverviewsViewController.swift */,
				7CCB6B7C27797E680084E67B /* ViewNoteViewController.swift */,
				7CFA20182779223700D76E9B /* AddNotesViewController.swift */,
				7CFA201227791BAA00D76E9B /* NotesTableViewController.swift */,
				7CCB6B84277990CD0084E67B /* overviewCell.swift */,
				7CFA201A27792AED00D76E9B /* noteCell.swift */,
				7C04BB1827783F8A00A9CE3A /* ProfileTableViewController.swift */,
				7C3F4A6A277642AC00CDC191 /* PersonalInfoTableViewController.swift */,
				7C902CFD277695CD00C0AB53 /* CenterInfoTableViewController.swift */,
				7C9054B22775140900B9B26E /* ProfileEldersTableViewController.swift */,
				7C9054B42775149D00B9B26E /* profileElderCell.swift */,
				7C34DB2D2759E40200BC075E /* ViewController.swift */,
				7C33BD1F276FD3A50084EBAA /* SignUpViewController.swift */,
				7C33BD21276FD3BD0084EBAA /* LogInViewController.swift */,
				7C33BD23276FD3D40084EBAA /* HomeViewController.swift */,
				7C9054AC2773B51200B9B26E /* elderCell.swift */,
				7C9054B02774F17700B9B26E /* ElderSpecificTableViewController.swift */,
				7C33BD28276FD5940084EBAA /* WelcomeViewController.swift */,
				7C198D962772D21F008EC480 /* AddElderViewController.swift */,
			);
			path = Controller;
			sourceTree = "<group>";
		};
		7C34DB1D2759E40200BC075E = {
			isa = PBXGroup;
			children = (
				7C34DB282759E40200BC075E /* AmityConnect */,
				7C34DB272759E40200BC075E /* Products */,
				4731E68AA32C465568BB1839 /* Pods */,
				56542EB14D4B5B169B3EF061 /* Frameworks */,
			);
			sourceTree = "<group>";
		};
		7C34DB272759E40200BC075E /* Products */ = {
			isa = PBXGroup;
			children = (
				7C34DB262759E40200BC075E /* AmityConnect.app */,
			);
			name = Products;
			sourceTree = "<group>";
		};
		7C34DB282759E40200BC075E /* AmityConnect */ = {
			isa = PBXGroup;
			children = (
				7C34DB292759E40200BC075E /* AppDelegate.swift */,
				7C34DB2B2759E40200BC075E /* SceneDelegate.swift */,
				7C33BD25276FD3FE0084EBAA /* Model */,
				7C33BD26276FD4050084EBAA /* View */,
				7C33BD27276FD40E0084EBAA /* Controller */,
				7C34DB322759E40400BC075E /* Assets.xcassets */,
				7C9E24DE2770056100A2C6D7 /* GoogleService-Info.plist */,
				7C34DB372759E40400BC075E /* Info.plist */,
			);
			path = AmityConnect;
			sourceTree = "<group>";
		};
/* End PBXGroup section */

/* Begin PBXNativeTarget section */
		7C34DB252759E40200BC075E /* AmityConnect */ = {
			isa = PBXNativeTarget;
			buildConfigurationList = 7C34DB3A2759E40400BC075E /* Build configuration list for PBXNativeTarget "AmityConnect" */;
			buildPhases = (
				4678C91AA55F3A5FC5700986 /* [CP] Check Pods Manifest.lock */,
				7C34DB222759E40200BC075E /* Sources */,
				7C34DB232759E40200BC075E /* Frameworks */,
				7C34DB242759E40200BC075E /* Resources */,
				F75D951521D559E2DAFAAEC4 /* [CP] Embed Pods Frameworks */,
			);
			buildRules = (
			);
			dependencies = (
			);
			name = AmityConnect;
			productName = AmityConnect;
			productReference = 7C34DB262759E40200BC075E /* AmityConnect.app */;
			productType = "com.apple.product-type.application";
		};
/* End PBXNativeTarget section */

/* Begin PBXProject section */
		7C34DB1E2759E40200BC075E /* Project object */ = {
			isa = PBXProject;
			attributes = {
				BuildIndependentTargetsInParallel = 1;
				LastSwiftUpdateCheck = 1310;
				LastUpgradeCheck = 1310;
				TargetAttributes = {
					7C34DB252759E40200BC075E = {
						CreatedOnToolsVersion = 13.1;
					};
				};
			};
			buildConfigurationList = 7C34DB212759E40200BC075E /* Build configuration list for PBXProject "AmityConnect" */;
			compatibilityVersion = "Xcode 13.0";
			developmentRegion = en;
			hasScannedForEncodings = 0;
			knownRegions = (
				en,
				Base,
			);
			mainGroup = 7C34DB1D2759E40200BC075E;
			productRefGroup = 7C34DB272759E40200BC075E /* Products */;
			projectDirPath = "";
			projectRoot = "";
			targets = (
				7C34DB252759E40200BC075E /* AmityConnect */,
			);
		};
/* End PBXProject section */

/* Begin PBXResourcesBuildPhase section */
		7C34DB242759E40200BC075E /* Resources */ = {
			isa = PBXResourcesBuildPhase;
			buildActionMask = 2147483647;
			files = (
				7C32BA8C2771759F003BDCE7 /* Main.storyboard in Resources */,
				97D2F0AE276C42C800AD8ED7 /* SidStoryboard.storyboard in Resources */,
				7C34DB362759E40400BC075E /* LaunchScreen.storyboard in Resources */,
				7C34DB332759E40400BC075E /* Assets.xcassets in Resources */,
				97D2F0AF276C42C800AD8ED7 /* Karthik-Main.storyboard in Resources */,
				7C725E1527797B2A0032BBAE /* Don-main.storyboard in Resources */,
				7C9E24DF2770056100A2C6D7 /* GoogleService-Info.plist in Resources */,
			);
			runOnlyForDeploymentPostprocessing = 0;
		};
/* End PBXResourcesBuildPhase section */

/* Begin PBXShellScriptBuildPhase section */
		4678C91AA55F3A5FC5700986 /* [CP] Check Pods Manifest.lock */ = {
			isa = PBXShellScriptBuildPhase;
			buildActionMask = 2147483647;
			files = (
			);
			inputFileListPaths = (
			);
			inputPaths = (
				"${PODS_PODFILE_DIR_PATH}/Podfile.lock",
				"${PODS_ROOT}/Manifest.lock",
			);
			name = "[CP] Check Pods Manifest.lock";
			outputFileListPaths = (
			);
			outputPaths = (
				"$(DERIVED_FILE_DIR)/Pods-AmityConnect-checkManifestLockResult.txt",
			);
			runOnlyForDeploymentPostprocessing = 0;
			shellPath = /bin/sh;
			shellScript = "diff \"${PODS_PODFILE_DIR_PATH}/Podfile.lock\" \"${PODS_ROOT}/Manifest.lock\" > /dev/null\nif [ $? != 0 ] ; then\n    # print error to STDERR\n    echo \"error: The sandbox is not in sync with the Podfile.lock. Run 'pod install' or update your CocoaPods installation.\" >&2\n    exit 1\nfi\n# This output is used by Xcode 'outputs' to avoid re-running this script phase.\necho \"SUCCESS\" > \"${SCRIPT_OUTPUT_FILE_0}\"\n";
			showEnvVarsInLog = 0;
		};
		F75D951521D559E2DAFAAEC4 /* [CP] Embed Pods Frameworks */ = {
			isa = PBXShellScriptBuildPhase;
			buildActionMask = 2147483647;
			files = (
			);
			inputFileListPaths = (
				"${PODS_ROOT}/Target Support Files/Pods-AmityConnect/Pods-AmityConnect-frameworks-${CONFIGURATION}-input-files.xcfilelist",
			);
			name = "[CP] Embed Pods Frameworks";
			outputFileListPaths = (
				"${PODS_ROOT}/Target Support Files/Pods-AmityConnect/Pods-AmityConnect-frameworks-${CONFIGURATION}-output-files.xcfilelist",
			);
			runOnlyForDeploymentPostprocessing = 0;
			shellPath = /bin/sh;
			shellScript = "\"${PODS_ROOT}/Target Support Files/Pods-AmityConnect/Pods-AmityConnect-frameworks.sh\"\n";
			showEnvVarsInLog = 0;
		};
/* End PBXShellScriptBuildPhase section */

/* Begin PBXSourcesBuildPhase section */
		7C34DB222759E40200BC075E /* Sources */ = {
			isa = PBXSourcesBuildPhase;
			buildActionMask = 2147483647;
			files = (
				7C04BB1927783F8A00A9CE3A /* ProfileTableViewController.swift in Sources */,
				7C3F4A6D2776467C00CDC191 /* ProfileInfo.swift in Sources */,
				7C34DB2E2759E40200BC075E /* ViewController.swift in Sources */,
				7C26C0FC277BCA6F00B34117 /* DoesNotDoTableViewController.swift in Sources */,
				7CFA201727791EC700D76E9B /* NotesInfo.swift in Sources */,
				7CFD43B7277D2FB7008C00E2 /* SpecificADLTableViewController.swift in Sources */,
				7CCB6B8127798D020084E67B /* OverviewInfo.swift in Sources */,
				7C902CFE277695CE00C0AB53 /* CenterInfoTableViewController.swift in Sources */,
				7C34DB2A2759E40200BC075E /* AppDelegate.swift in Sources */,
				7CCB6B7F27798B950084E67B /* OverviewTableViewController.swift in Sources */,
				7C26C0FE277BCB4C00B34117 /* DoesNotDoSelectionCell.swift in Sources */,
				7CCB6B89277997DC0084E67B /* ViewOverviewViewController.swift in Sources */,
				7C33BD20276FD3A50084EBAA /* SignUpViewController.swift in Sources */,
				7CCB6B85277990CD0084E67B /* overviewCell.swift in Sources */,
				7C9054AF2773E62A00B9B26E /* ElderOverview.swift in Sources */,
				7C26C0F4277BBDAA00B34117 /* NeedsHelpTableViewController.swift in Sources */,
				7CCB6B7D27797E680084E67B /* ViewNoteViewController.swift in Sources */,
				7C9054B12774F17700B9B26E /* ElderSpecificTableViewController.swift in Sources */,
				7CFA201327791BAA00D76E9B /* NotesTableViewController.swift in Sources */,
				7C3F4A6B277642AC00CDC191 /* PersonalInfoTableViewController.swift in Sources */,
				7C198D972772D21F008EC480 /* AddElderViewController.swift in Sources */,
				7CCB6B87277994DE0084E67B /* AddOverviewsViewController.swift in Sources */,
				7C26C0FA277BC86A00B34117 /* DependentSelectionCell.swift in Sources */,
				7C26C0F8277BC64700B34117 /* DependentTableViewController.swift in Sources */,
				7C40B3FE277A6FA8004EFEBB /* IndependentTableViewController.swift in Sources */,
				7C9054AD2773B51200B9B26E /* elderCell.swift in Sources */,
				7C33BD22276FD3BD0084EBAA /* LogInViewController.swift in Sources */,
				7C26C0F6277BBEAE00B34117 /* NeedsHelpSelectionCell.swift in Sources */,
				7C9054B32775140900B9B26E /* ProfileEldersTableViewController.swift in Sources */,
				7C26C102277BD8EE00B34117 /* adlDateCell.swift in Sources */,
				7CFA201B27792AED00D76E9B /* noteCell.swift in Sources */,
				7C34DB2C2759E40200BC075E /* SceneDelegate.swift in Sources */,
				7C902D00277696D600C0AB53 /* CenterInfo.swift in Sources */,
				7C33BD24276FD3D40084EBAA /* HomeViewController.swift in Sources */,
				7C51A78F277D64C400F7A258 /* MessageViewController.swift in Sources */,
				7C33BD29276FD5940084EBAA /* WelcomeViewController.swift in Sources */,
				7C26C100277BCF7D00B34117 /* ADLInfo.swift in Sources */,
				7C26C0F2277B974100B34117 /* IndependentSelectionCell.swift in Sources */,
				7C51A787277D5CC500F7A258 /* ChatViewController.swift in Sources */,
				7C40B3FC277A61A8004EFEBB /* ADLTableViewController.swift in Sources */,
				7C9054B52775149D00B9B26E /* profileElderCell.swift in Sources */,
				7CFA20192779223700D76E9B /* AddNotesViewController.swift in Sources */,
			);
			runOnlyForDeploymentPostprocessing = 0;
		};
/* End PBXSourcesBuildPhase section */

/* Begin PBXVariantGroup section */
		7C34DB342759E40400BC075E /* LaunchScreen.storyboard */ = {
			isa = PBXVariantGroup;
			children = (
				7C34DB352759E40400BC075E /* Base */,
			);
			name = LaunchScreen.storyboard;
			sourceTree = "<group>";
		};
/* End PBXVariantGroup section */

/* Begin XCBuildConfiguration section */
		7C34DB382759E40400BC075E /* Debug */ = {
			isa = XCBuildConfiguration;
			buildSettings = {
				ALWAYS_SEARCH_USER_PATHS = NO;
				CLANG_ANALYZER_NONNULL = YES;
				CLANG_ANALYZER_NUMBER_OBJECT_CONVERSION = YES_AGGRESSIVE;
				CLANG_CXX_LANGUAGE_STANDARD = "gnu++17";
				CLANG_CXX_LIBRARY = "libc++";
				CLANG_ENABLE_MODULES = YES;
				CLANG_ENABLE_OBJC_ARC = YES;
				CLANG_ENABLE_OBJC_WEAK = YES;
				CLANG_WARN_BLOCK_CAPTURE_AUTORELEASING = YES;
				CLANG_WARN_BOOL_CONVERSION = YES;
				CLANG_WARN_COMMA = YES;
				CLANG_WARN_CONSTANT_CONVERSION = YES;
				CLANG_WARN_DEPRECATED_OBJC_IMPLEMENTATIONS = YES;
				CLANG_WARN_DIRECT_OBJC_ISA_USAGE = YES_ERROR;
				CLANG_WARN_DOCUMENTATION_COMMENTS = YES;
				CLANG_WARN_EMPTY_BODY = YES;
				CLANG_WARN_ENUM_CONVERSION = YES;
				CLANG_WARN_INFINITE_RECURSION = YES;
				CLANG_WARN_INT_CONVERSION = YES;
				CLANG_WARN_NON_LITERAL_NULL_CONVERSION = YES;
				CLANG_WARN_OBJC_IMPLICIT_RETAIN_SELF = YES;
				CLANG_WARN_OBJC_LITERAL_CONVERSION = YES;
				CLANG_WARN_OBJC_ROOT_CLASS = YES_ERROR;
				CLANG_WARN_QUOTED_INCLUDE_IN_FRAMEWORK_HEADER = YES;
				CLANG_WARN_RANGE_LOOP_ANALYSIS = YES;
				CLANG_WARN_STRICT_PROTOTYPES = YES;
				CLANG_WARN_SUSPICIOUS_MOVE = YES;
				CLANG_WARN_UNGUARDED_AVAILABILITY = YES_AGGRESSIVE;
				CLANG_WARN_UNREACHABLE_CODE = YES;
				CLANG_WARN__DUPLICATE_METHOD_MATCH = YES;
				COPY_PHASE_STRIP = NO;
				DEBUG_INFORMATION_FORMAT = dwarf;
				ENABLE_STRICT_OBJC_MSGSEND = YES;
				ENABLE_TESTABILITY = YES;
				GCC_C_LANGUAGE_STANDARD = gnu11;
				GCC_DYNAMIC_NO_PIC = NO;
				GCC_NO_COMMON_BLOCKS = YES;
				GCC_OPTIMIZATION_LEVEL = 0;
				GCC_PREPROCESSOR_DEFINITIONS = (
					"DEBUG=1",
					"$(inherited)",
				);
				GCC_WARN_64_TO_32_BIT_CONVERSION = YES;
				GCC_WARN_ABOUT_RETURN_TYPE = YES_ERROR;
				GCC_WARN_UNDECLARED_SELECTOR = YES;
				GCC_WARN_UNINITIALIZED_AUTOS = YES_AGGRESSIVE;
				GCC_WARN_UNUSED_FUNCTION = YES;
				GCC_WARN_UNUSED_VARIABLE = YES;
				IPHONEOS_DEPLOYMENT_TARGET = 13.0;
				MTL_ENABLE_DEBUG_INFO = INCLUDE_SOURCE;
				MTL_FAST_MATH = YES;
				ONLY_ACTIVE_ARCH = YES;
				SDKROOT = iphoneos;
				SWIFT_ACTIVE_COMPILATION_CONDITIONS = DEBUG;
				SWIFT_OPTIMIZATION_LEVEL = "-Onone";
			};
			name = Debug;
		};
		7C34DB392759E40400BC075E /* Release */ = {
			isa = XCBuildConfiguration;
			buildSettings = {
				ALWAYS_SEARCH_USER_PATHS = NO;
				CLANG_ANALYZER_NONNULL = YES;
				CLANG_ANALYZER_NUMBER_OBJECT_CONVERSION = YES_AGGRESSIVE;
				CLANG_CXX_LANGUAGE_STANDARD = "gnu++17";
				CLANG_CXX_LIBRARY = "libc++";
				CLANG_ENABLE_MODULES = YES;
				CLANG_ENABLE_OBJC_ARC = YES;
				CLANG_ENABLE_OBJC_WEAK = YES;
				CLANG_WARN_BLOCK_CAPTURE_AUTORELEASING = YES;
				CLANG_WARN_BOOL_CONVERSION = YES;
				CLANG_WARN_COMMA = YES;
				CLANG_WARN_CONSTANT_CONVERSION = YES;
				CLANG_WARN_DEPRECATED_OBJC_IMPLEMENTATIONS = YES;
				CLANG_WARN_DIRECT_OBJC_ISA_USAGE = YES_ERROR;
				CLANG_WARN_DOCUMENTATION_COMMENTS = YES;
				CLANG_WARN_EMPTY_BODY = YES;
				CLANG_WARN_ENUM_CONVERSION = YES;
				CLANG_WARN_INFINITE_RECURSION = YES;
				CLANG_WARN_INT_CONVERSION = YES;
				CLANG_WARN_NON_LITERAL_NULL_CONVERSION = YES;
				CLANG_WARN_OBJC_IMPLICIT_RETAIN_SELF = YES;
				CLANG_WARN_OBJC_LITERAL_CONVERSION = YES;
				CLANG_WARN_OBJC_ROOT_CLASS = YES_ERROR;
				CLANG_WARN_QUOTED_INCLUDE_IN_FRAMEWORK_HEADER = YES;
				CLANG_WARN_RANGE_LOOP_ANALYSIS = YES;
				CLANG_WARN_STRICT_PROTOTYPES = YES;
				CLANG_WARN_SUSPICIOUS_MOVE = YES;
				CLANG_WARN_UNGUARDED_AVAILABILITY = YES_AGGRESSIVE;
				CLANG_WARN_UNREACHABLE_CODE = YES;
				CLANG_WARN__DUPLICATE_METHOD_MATCH = YES;
				COPY_PHASE_STRIP = NO;
				DEBUG_INFORMATION_FORMAT = "dwarf-with-dsym";
				ENABLE_NS_ASSERTIONS = NO;
				ENABLE_STRICT_OBJC_MSGSEND = YES;
				GCC_C_LANGUAGE_STANDARD = gnu11;
				GCC_NO_COMMON_BLOCKS = YES;
				GCC_WARN_64_TO_32_BIT_CONVERSION = YES;
				GCC_WARN_ABOUT_RETURN_TYPE = YES_ERROR;
				GCC_WARN_UNDECLARED_SELECTOR = YES;
				GCC_WARN_UNINITIALIZED_AUTOS = YES_AGGRESSIVE;
				GCC_WARN_UNUSED_FUNCTION = YES;
				GCC_WARN_UNUSED_VARIABLE = YES;
				IPHONEOS_DEPLOYMENT_TARGET = 13.0;
				MTL_ENABLE_DEBUG_INFO = NO;
				MTL_FAST_MATH = YES;
				SDKROOT = iphoneos;
				SWIFT_COMPILATION_MODE = wholemodule;
				SWIFT_OPTIMIZATION_LEVEL = "-O";
				VALIDATE_PRODUCT = YES;
			};
			name = Release;
		};
		7C34DB3B2759E40400BC075E /* Debug */ = {
			isa = XCBuildConfiguration;
			baseConfigurationReference = 9231AEE35B11E6575513C74C /* Pods-AmityConnect.debug.xcconfig */;
			buildSettings = {
				ASSETCATALOG_COMPILER_APPICON_NAME = AppIcon;
				ASSETCATALOG_COMPILER_GLOBAL_ACCENT_COLOR_NAME = AccentColor;
				CODE_SIGN_STYLE = Automatic;
				CURRENT_PROJECT_VERSION = 1;
				DEVELOPMENT_TEAM = Z2GRP6MX8V;
				GENERATE_INFOPLIST_FILE = YES;
				INFOPLIST_FILE = AmityConnect/Info.plist;
				INFOPLIST_KEY_UIApplicationSupportsIndirectInputEvents = YES;
				INFOPLIST_KEY_UILaunchStoryboardName = LaunchScreen;
				INFOPLIST_KEY_UIMainStoryboardFile = Main;
				INFOPLIST_KEY_UISupportedInterfaceOrientations = UIInterfaceOrientationPortrait;
				INFOPLIST_KEY_UISupportedInterfaceOrientations_iPad = "UIInterfaceOrientationPortrait UIInterfaceOrientationPortraitUpsideDown UIInterfaceOrientationLandscapeLeft UIInterfaceOrientationLandscapeRight";
				INFOPLIST_KEY_UISupportedInterfaceOrientations_iPhone = "UIInterfaceOrientationPortrait UIInterfaceOrientationLandscapeLeft UIInterfaceOrientationLandscapeRight";
				IPHONEOS_DEPLOYMENT_TARGET = 13.0;
				LD_RUNPATH_SEARCH_PATHS = (
					"$(inherited)",
					"@executable_path/Frameworks",
				);
				MARKETING_VERSION = 1.0;
				PRODUCT_BUNDLE_IDENTIFIER = com.karthikramu.AmityConnect;
				PRODUCT_NAME = "$(TARGET_NAME)";
				SWIFT_EMIT_LOC_STRINGS = YES;
				SWIFT_VERSION = 5.0;
				TARGETED_DEVICE_FAMILY = 1;
			};
			name = Debug;
		};
		7C34DB3C2759E40400BC075E /* Release */ = {
			isa = XCBuildConfiguration;
			baseConfigurationReference = 64B5FD81AB733130E3857ADF /* Pods-AmityConnect.release.xcconfig */;
			buildSettings = {
				ASSETCATALOG_COMPILER_APPICON_NAME = AppIcon;
				ASSETCATALOG_COMPILER_GLOBAL_ACCENT_COLOR_NAME = AccentColor;
				CODE_SIGN_STYLE = Automatic;
				CURRENT_PROJECT_VERSION = 1;
				DEVELOPMENT_TEAM = Z2GRP6MX8V;
				GENERATE_INFOPLIST_FILE = YES;
				INFOPLIST_FILE = AmityConnect/Info.plist;
				INFOPLIST_KEY_UIApplicationSupportsIndirectInputEvents = YES;
				INFOPLIST_KEY_UILaunchStoryboardName = LaunchScreen;
				INFOPLIST_KEY_UIMainStoryboardFile = Main;
				INFOPLIST_KEY_UISupportedInterfaceOrientations = UIInterfaceOrientationPortrait;
				INFOPLIST_KEY_UISupportedInterfaceOrientations_iPad = "UIInterfaceOrientationPortrait UIInterfaceOrientationPortraitUpsideDown UIInterfaceOrientationLandscapeLeft UIInterfaceOrientationLandscapeRight";
				INFOPLIST_KEY_UISupportedInterfaceOrientations_iPhone = "UIInterfaceOrientationPortrait UIInterfaceOrientationLandscapeLeft UIInterfaceOrientationLandscapeRight";
				IPHONEOS_DEPLOYMENT_TARGET = 13.0;
				LD_RUNPATH_SEARCH_PATHS = (
					"$(inherited)",
					"@executable_path/Frameworks",
				);
				MARKETING_VERSION = 1.0;
				PRODUCT_BUNDLE_IDENTIFIER = com.karthikramu.AmityConnect;
				PRODUCT_NAME = "$(TARGET_NAME)";
				SWIFT_EMIT_LOC_STRINGS = YES;
				SWIFT_VERSION = 5.0;
				TARGETED_DEVICE_FAMILY = 1;
			};
			name = Release;
		};
/* End XCBuildConfiguration section */

/* Begin XCConfigurationList section */
		7C34DB212759E40200BC075E /* Build configuration list for PBXProject "AmityConnect" */ = {
			isa = XCConfigurationList;
			buildConfigurations = (
				7C34DB382759E40400BC075E /* Debug */,
				7C34DB392759E40400BC075E /* Release */,
			);
			defaultConfigurationIsVisible = 0;
			defaultConfigurationName = Release;
		};
		7C34DB3A2759E40400BC075E /* Build configuration list for PBXNativeTarget "AmityConnect" */ = {
			isa = XCConfigurationList;
			buildConfigurations = (
				7C34DB3B2759E40400BC075E /* Debug */,
				7C34DB3C2759E40400BC075E /* Release */,
			);
			defaultConfigurationIsVisible = 0;
			defaultConfigurationName = Release;
		};
/* End XCConfigurationList section */
	};
	rootObject = 7C34DB1E2759E40200BC075E /* Project object */;
}
